// !$*UTF8*$!
{
	archiveVersion = 1;
	classes = {
	};
	objectVersion = 56;
	objects = {

/* Begin PBXBuildFile section */
		BFD0E51D2AB5DFE800C41CFC /* CalculatorViewModelDelegate.swift in Sources */ = {isa = PBXBuildFile; fileRef = BFD0E51C2AB5DFE800C41CFC /* CalculatorViewModelDelegate.swift */; };
		BFD0E5212AB66B5900C41CFC /* UIColor+.swift in Sources */ = {isa = PBXBuildFile; fileRef = BFD0E5202AB66B5900C41CFC /* UIColor+.swift */; };
		BFD0E5252AB66E5100C41CFC /* UIStackView+.swift in Sources */ = {isa = PBXBuildFile; fileRef = BFD0E5242AB66E5100C41CFC /* UIStackView+.swift */; };
		BFD0E5272AB674BA00C41CFC /* UIButton+.swift in Sources */ = {isa = PBXBuildFile; fileRef = BFD0E5262AB674BA00C41CFC /* UIButton+.swift */; };
		BFD0E5292AB6A23E00C41CFC /* UILabel+.swift in Sources */ = {isa = PBXBuildFile; fileRef = BFD0E5282AB6A23E00C41CFC /* UILabel+.swift */; };
		BFD5EDF92AB5780A00048F61 /* AppDelegate.swift in Sources */ = {isa = PBXBuildFile; fileRef = BFD5EDF82AB5780A00048F61 /* AppDelegate.swift */; };
		BFD5EDFB2AB5780A00048F61 /* SceneDelegate.swift in Sources */ = {isa = PBXBuildFile; fileRef = BFD5EDFA2AB5780A00048F61 /* SceneDelegate.swift */; };
		BFD5EDFD2AB5780A00048F61 /* CalculatorViewController.swift in Sources */ = {isa = PBXBuildFile; fileRef = BFD5EDFC2AB5780A00048F61 /* CalculatorViewController.swift */; };
		BFD5EE022AB5780B00048F61 /* Assets.xcassets in Resources */ = {isa = PBXBuildFile; fileRef = BFD5EE012AB5780B00048F61 /* Assets.xcassets */; };
		BFD5EE052AB5780B00048F61 /* LaunchScreen.storyboard in Resources */ = {isa = PBXBuildFile; fileRef = BFD5EE032AB5780B00048F61 /* LaunchScreen.storyboard */; };
		BFD5EE102AB57B1F00048F61 /* CalculatorViewModel.swift in Sources */ = {isa = PBXBuildFile; fileRef = BFD5EE0F2AB57B1F00048F61 /* CalculatorViewModel.swift */; };
		BFD5EE152AB57C3800048F61 /* CalculatorUseCase.swift in Sources */ = {isa = PBXBuildFile; fileRef = BFD5EE142AB57C3800048F61 /* CalculatorUseCase.swift */; };
		BFD5EE182AB57C9200048F61 /* Operator.swift in Sources */ = {isa = PBXBuildFile; fileRef = BFD5EE172AB57C9200048F61 /* Operator.swift */; };
		BFD5EE252AB58E2700048F61 /* CalculatorUseCaseTests.swift in Sources */ = {isa = PBXBuildFile; fileRef = BFD5EE242AB58E2700048F61 /* CalculatorUseCaseTests.swift */; };
		BFD5EE2C2AB5902D00048F61 /* DefaultCalculatorUseCase.swift in Sources */ = {isa = PBXBuildFile; fileRef = BFD5EE2B2AB5902D00048F61 /* DefaultCalculatorUseCase.swift */; };
		BFD831F12AB5C6AA00599965 /* CalculatorViewModelTests.swift in Sources */ = {isa = PBXBuildFile; fileRef = BFD831F02AB5C6AA00599965 /* CalculatorViewModelTests.swift */; };
/* End PBXBuildFile section */

/* Begin PBXContainerItemProxy section */
		BFD5EE262AB58E2700048F61 /* PBXContainerItemProxy */ = {
			isa = PBXContainerItemProxy;
			containerPortal = BFD5EDED2AB5780A00048F61 /* Project object */;
			proxyType = 1;
			remoteGlobalIDString = BFD5EDF42AB5780A00048F61;
			remoteInfo = Gunculator;
		};
/* End PBXContainerItemProxy section */

/* Begin PBXFileReference section */
		BFD0E51C2AB5DFE800C41CFC /* CalculatorViewModelDelegate.swift */ = {isa = PBXFileReference; lastKnownFileType = sourcecode.swift; path = CalculatorViewModelDelegate.swift; sourceTree = "<group>"; };
		BFD0E5202AB66B5900C41CFC /* UIColor+.swift */ = {isa = PBXFileReference; lastKnownFileType = sourcecode.swift; path = "UIColor+.swift"; sourceTree = "<group>"; };
		BFD0E5242AB66E5100C41CFC /* UIStackView+.swift */ = {isa = PBXFileReference; lastKnownFileType = sourcecode.swift; path = "UIStackView+.swift"; sourceTree = "<group>"; };
		BFD0E5262AB674BA00C41CFC /* UIButton+.swift */ = {isa = PBXFileReference; lastKnownFileType = sourcecode.swift; path = "UIButton+.swift"; sourceTree = "<group>"; };
		BFD0E5282AB6A23E00C41CFC /* UILabel+.swift */ = {isa = PBXFileReference; lastKnownFileType = sourcecode.swift; path = "UILabel+.swift"; sourceTree = "<group>"; };
		BFD5EDF52AB5780A00048F61 /* Gunculator.app */ = {isa = PBXFileReference; explicitFileType = wrapper.application; includeInIndex = 0; path = Gunculator.app; sourceTree = BUILT_PRODUCTS_DIR; };
		BFD5EDF82AB5780A00048F61 /* AppDelegate.swift */ = {isa = PBXFileReference; lastKnownFileType = sourcecode.swift; path = AppDelegate.swift; sourceTree = "<group>"; };
		BFD5EDFA2AB5780A00048F61 /* SceneDelegate.swift */ = {isa = PBXFileReference; lastKnownFileType = sourcecode.swift; path = SceneDelegate.swift; sourceTree = "<group>"; };
		BFD5EDFC2AB5780A00048F61 /* CalculatorViewController.swift */ = {isa = PBXFileReference; lastKnownFileType = sourcecode.swift; path = CalculatorViewController.swift; sourceTree = "<group>"; };
		BFD5EE012AB5780B00048F61 /* Assets.xcassets */ = {isa = PBXFileReference; lastKnownFileType = folder.assetcatalog; path = Assets.xcassets; sourceTree = "<group>"; };
		BFD5EE042AB5780B00048F61 /* Base */ = {isa = PBXFileReference; lastKnownFileType = file.storyboard; name = Base; path = Base.lproj/LaunchScreen.storyboard; sourceTree = "<group>"; };
		BFD5EE062AB5780B00048F61 /* Info.plist */ = {isa = PBXFileReference; lastKnownFileType = text.plist.xml; path = Info.plist; sourceTree = "<group>"; };
		BFD5EE0F2AB57B1F00048F61 /* CalculatorViewModel.swift */ = {isa = PBXFileReference; lastKnownFileType = sourcecode.swift; path = CalculatorViewModel.swift; sourceTree = "<group>"; };
		BFD5EE142AB57C3800048F61 /* CalculatorUseCase.swift */ = {isa = PBXFileReference; lastKnownFileType = sourcecode.swift; path = CalculatorUseCase.swift; sourceTree = "<group>"; };
		BFD5EE172AB57C9200048F61 /* Operator.swift */ = {isa = PBXFileReference; lastKnownFileType = sourcecode.swift; path = Operator.swift; sourceTree = "<group>"; };
		BFD5EE222AB58E2700048F61 /* GunculatorTests.xctest */ = {isa = PBXFileReference; explicitFileType = wrapper.cfbundle; includeInIndex = 0; path = GunculatorTests.xctest; sourceTree = BUILT_PRODUCTS_DIR; };
		BFD5EE242AB58E2700048F61 /* CalculatorUseCaseTests.swift */ = {isa = PBXFileReference; lastKnownFileType = sourcecode.swift; path = CalculatorUseCaseTests.swift; sourceTree = "<group>"; };
		BFD5EE2B2AB5902D00048F61 /* DefaultCalculatorUseCase.swift */ = {isa = PBXFileReference; lastKnownFileType = sourcecode.swift; path = DefaultCalculatorUseCase.swift; sourceTree = "<group>"; };
		BFD831F02AB5C6AA00599965 /* CalculatorViewModelTests.swift */ = {isa = PBXFileReference; lastKnownFileType = sourcecode.swift; path = CalculatorViewModelTests.swift; sourceTree = "<group>"; };
/* End PBXFileReference section */

/* Begin PBXFrameworksBuildPhase section */
		BFD5EDF22AB5780A00048F61 /* Frameworks */ = {
			isa = PBXFrameworksBuildPhase;
			buildActionMask = 2147483647;
			files = (
			);
			runOnlyForDeploymentPostprocessing = 0;
		};
		BFD5EE1F2AB58E2700048F61 /* Frameworks */ = {
			isa = PBXFrameworksBuildPhase;
			buildActionMask = 2147483647;
			files = (
			);
			runOnlyForDeploymentPostprocessing = 0;
		};
/* End PBXFrameworksBuildPhase section */

/* Begin PBXGroup section */
		BFD0E51E2AB66B1B00C41CFC /* Utility */ = {
			isa = PBXGroup;
			children = (
				BFD0E51F2AB66B3900C41CFC /* Extension */,
			);
			path = Utility;
			sourceTree = "<group>";
		};
		BFD0E51F2AB66B3900C41CFC /* Extension */ = {
			isa = PBXGroup;
			children = (
				BFD0E5202AB66B5900C41CFC /* UIColor+.swift */,
				BFD0E5242AB66E5100C41CFC /* UIStackView+.swift */,
				BFD0E5262AB674BA00C41CFC /* UIButton+.swift */,
				BFD0E5282AB6A23E00C41CFC /* UILabel+.swift */,
			);
			path = Extension;
			sourceTree = "<group>";
		};
		BFD5EDEC2AB5780A00048F61 = {
			isa = PBXGroup;
			children = (
				BFD5EDF72AB5780A00048F61 /* Gunculator */,
				BFD5EE232AB58E2700048F61 /* GunculatorTests */,
				BFD5EDF62AB5780A00048F61 /* Products */,
			);
			sourceTree = "<group>";
		};
		BFD5EDF62AB5780A00048F61 /* Products */ = {
			isa = PBXGroup;
			children = (
				BFD5EDF52AB5780A00048F61 /* Gunculator.app */,
				BFD5EE222AB58E2700048F61 /* GunculatorTests.xctest */,
			);
			name = Products;
			sourceTree = "<group>";
		};
		BFD5EDF72AB5780A00048F61 /* Gunculator */ = {
			isa = PBXGroup;
			children = (
				BFD5EDF82AB5780A00048F61 /* AppDelegate.swift */,
				BFD5EDFA2AB5780A00048F61 /* SceneDelegate.swift */,
				BFD5EE0C2AB5799D00048F61 /* Resource */,
				BFD0E51E2AB66B1B00C41CFC /* Utility */,
				BFD5EE0D2AB57ADB00048F61 /* Domain */,
				BFD5EE0E2AB57AE800048F61 /* Presentaion */,
			);
			path = Gunculator;
			sourceTree = "<group>";
		};
		BFD5EE0C2AB5799D00048F61 /* Resource */ = {
			isa = PBXGroup;
			children = (
				BFD5EE012AB5780B00048F61 /* Assets.xcassets */,
				BFD5EE032AB5780B00048F61 /* LaunchScreen.storyboard */,
				BFD5EE062AB5780B00048F61 /* Info.plist */,
			);
			path = Resource;
			sourceTree = "<group>";
		};
		BFD5EE0D2AB57ADB00048F61 /* Domain */ = {
			isa = PBXGroup;
			children = (
				BFD5EE162AB57C6000048F61 /* Entity */,
				BFD5EE132AB57BED00048F61 /* UseCase */,
			);
			path = Domain;
			sourceTree = "<group>";
		};
		BFD5EE0E2AB57AE800048F61 /* Presentaion */ = {
			isa = PBXGroup;
			children = (
				BFD5EE122AB57BD900048F61 /* ViewModel */,
				BFD5EE112AB57BC700048F61 /* ViewController */,
			);
			path = Presentaion;
			sourceTree = "<group>";
		};
		BFD5EE112AB57BC700048F61 /* ViewController */ = {
			isa = PBXGroup;
			children = (
				BFD5EDFC2AB5780A00048F61 /* CalculatorViewController.swift */,
			);
			path = ViewController;
			sourceTree = "<group>";
		};
		BFD5EE122AB57BD900048F61 /* ViewModel */ = {
			isa = PBXGroup;
			children = (
				BFD5EE0F2AB57B1F00048F61 /* CalculatorViewModel.swift */,
				BFD0E51C2AB5DFE800C41CFC /* CalculatorViewModelDelegate.swift */,
			);
			path = ViewModel;
			sourceTree = "<group>";
		};
		BFD5EE132AB57BED00048F61 /* UseCase */ = {
			isa = PBXGroup;
			children = (
				BFD5EE1D2AB58DCA00048F61 /* Protocol */,
				BFD5EE2B2AB5902D00048F61 /* DefaultCalculatorUseCase.swift */,
			);
			path = UseCase;
			sourceTree = "<group>";
		};
		BFD5EE162AB57C6000048F61 /* Entity */ = {
			isa = PBXGroup;
			children = (
				BFD5EE172AB57C9200048F61 /* Operator.swift */,
			);
			path = Entity;
			sourceTree = "<group>";
		};
		BFD5EE1D2AB58DCA00048F61 /* Protocol */ = {
			isa = PBXGroup;
			children = (
				BFD5EE142AB57C3800048F61 /* CalculatorUseCase.swift */,
			);
			path = Protocol;
			sourceTree = "<group>";
		};
		BFD5EE232AB58E2700048F61 /* GunculatorTests */ = {
			isa = PBXGroup;
			children = (
				BFD5EE242AB58E2700048F61 /* CalculatorUseCaseTests.swift */,
				BFD831F02AB5C6AA00599965 /* CalculatorViewModelTests.swift */,
			);
			path = GunculatorTests;
			sourceTree = "<group>";
		};
/* End PBXGroup section */

/* Begin PBXNativeTarget section */
		BFD5EDF42AB5780A00048F61 /* Gunculator */ = {
			isa = PBXNativeTarget;
			buildConfigurationList = BFD5EE092AB5780B00048F61 /* Build configuration list for PBXNativeTarget "Gunculator" */;
			buildPhases = (
				BFD5EDF12AB5780A00048F61 /* Sources */,
				BFD5EDF22AB5780A00048F61 /* Frameworks */,
				BFD5EDF32AB5780A00048F61 /* Resources */,
			);
			buildRules = (
			);
			dependencies = (
			);
			name = Gunculator;
			productName = Gunculator;
			productReference = BFD5EDF52AB5780A00048F61 /* Gunculator.app */;
			productType = "com.apple.product-type.application";
		};
		BFD5EE212AB58E2700048F61 /* GunculatorTests */ = {
			isa = PBXNativeTarget;
			buildConfigurationList = BFD5EE282AB58E2700048F61 /* Build configuration list for PBXNativeTarget "GunculatorTests" */;
			buildPhases = (
				BFD5EE1E2AB58E2700048F61 /* Sources */,
				BFD5EE1F2AB58E2700048F61 /* Frameworks */,
				BFD5EE202AB58E2700048F61 /* Resources */,
			);
			buildRules = (
			);
			dependencies = (
				BFD5EE272AB58E2700048F61 /* PBXTargetDependency */,
			);
			name = GunculatorTests;
			productName = GunculatorTests;
			productReference = BFD5EE222AB58E2700048F61 /* GunculatorTests.xctest */;
			productType = "com.apple.product-type.bundle.unit-test";
		};
/* End PBXNativeTarget section */

/* Begin PBXProject section */
		BFD5EDED2AB5780A00048F61 /* Project object */ = {
			isa = PBXProject;
			attributes = {
				BuildIndependentTargetsInParallel = 1;
				LastSwiftUpdateCheck = 1430;
				LastUpgradeCheck = 1430;
				TargetAttributes = {
					BFD5EDF42AB5780A00048F61 = {
						CreatedOnToolsVersion = 14.3.1;
					};
					BFD5EE212AB58E2700048F61 = {
						CreatedOnToolsVersion = 14.3.1;
						TestTargetID = BFD5EDF42AB5780A00048F61;
					};
				};
			};
			buildConfigurationList = BFD5EDF02AB5780A00048F61 /* Build configuration list for PBXProject "Gunculator" */;
			compatibilityVersion = "Xcode 14.0";
			developmentRegion = en;
			hasScannedForEncodings = 0;
			knownRegions = (
				en,
				Base,
			);
			mainGroup = BFD5EDEC2AB5780A00048F61;
			productRefGroup = BFD5EDF62AB5780A00048F61 /* Products */;
			projectDirPath = "";
			projectRoot = "";
			targets = (
				BFD5EDF42AB5780A00048F61 /* Gunculator */,
				BFD5EE212AB58E2700048F61 /* GunculatorTests */,
			);
		};
/* End PBXProject section */

/* Begin PBXResourcesBuildPhase section */
		BFD5EDF32AB5780A00048F61 /* Resources */ = {
			isa = PBXResourcesBuildPhase;
			buildActionMask = 2147483647;
			files = (
				BFD5EE052AB5780B00048F61 /* LaunchScreen.storyboard in Resources */,
				BFD5EE022AB5780B00048F61 /* Assets.xcassets in Resources */,
			);
			runOnlyForDeploymentPostprocessing = 0;
		};
		BFD5EE202AB58E2700048F61 /* Resources */ = {
			isa = PBXResourcesBuildPhase;
			buildActionMask = 2147483647;
			files = (
			);
			runOnlyForDeploymentPostprocessing = 0;
		};
/* End PBXResourcesBuildPhase section */

/* Begin PBXSourcesBuildPhase section */
		BFD5EDF12AB5780A00048F61 /* Sources */ = {
			isa = PBXSourcesBuildPhase;
			buildActionMask = 2147483647;
			files = (
				BFD5EDFD2AB5780A00048F61 /* CalculatorViewController.swift in Sources */,
				BFD5EE182AB57C9200048F61 /* Operator.swift in Sources */,
				BFD5EE2C2AB5902D00048F61 /* DefaultCalculatorUseCase.swift in Sources */,
				BFD5EDF92AB5780A00048F61 /* AppDelegate.swift in Sources */,
				BFD5EE152AB57C3800048F61 /* CalculatorUseCase.swift in Sources */,
				BFD0E5252AB66E5100C41CFC /* UIStackView+.swift in Sources */,
				BFD0E5292AB6A23E00C41CFC /* UILabel+.swift in Sources */,
				BFD5EE102AB57B1F00048F61 /* CalculatorViewModel.swift in Sources */,
				BFD0E5272AB674BA00C41CFC /* UIButton+.swift in Sources */,
				BFD5EDFB2AB5780A00048F61 /* SceneDelegate.swift in Sources */,
				BFD0E51D2AB5DFE800C41CFC /* CalculatorViewModelDelegate.swift in Sources */,
				BFD0E5212AB66B5900C41CFC /* UIColor+.swift in Sources */,
			);
			runOnlyForDeploymentPostprocessing = 0;
		};
		BFD5EE1E2AB58E2700048F61 /* Sources */ = {
			isa = PBXSourcesBuildPhase;
			buildActionMask = 2147483647;
			files = (
				BFD831F12AB5C6AA00599965 /* CalculatorViewModelTests.swift in Sources */,
				BFD5EE252AB58E2700048F61 /* CalculatorUseCaseTests.swift in Sources */,
			);
			runOnlyForDeploymentPostprocessing = 0;
		};
/* End PBXSourcesBuildPhase section */

/* Begin PBXTargetDependency section */
		BFD5EE272AB58E2700048F61 /* PBXTargetDependency */ = {
			isa = PBXTargetDependency;
			target = BFD5EDF42AB5780A00048F61 /* Gunculator */;
			targetProxy = BFD5EE262AB58E2700048F61 /* PBXContainerItemProxy */;
		};
/* End PBXTargetDependency section */

/* Begin PBXVariantGroup section */
		BFD5EE032AB5780B00048F61 /* LaunchScreen.storyboard */ = {
			isa = PBXVariantGroup;
			children = (
				BFD5EE042AB5780B00048F61 /* Base */,
			);
			name = LaunchScreen.storyboard;
			sourceTree = "<group>";
		};
/* End PBXVariantGroup section */

/* Begin XCBuildConfiguration section */
		BFD5EE072AB5780B00048F61 /* Debug */ = {
			isa = XCBuildConfiguration;
			buildSettings = {
				ALWAYS_SEARCH_USER_PATHS = NO;
				CLANG_ANALYZER_NONNULL = YES;
				CLANG_ANALYZER_NUMBER_OBJECT_CONVERSION = YES_AGGRESSIVE;
				CLANG_CXX_LANGUAGE_STANDARD = "gnu++20";
				CLANG_ENABLE_MODULES = YES;
				CLANG_ENABLE_OBJC_ARC = YES;
				CLANG_ENABLE_OBJC_WEAK = YES;
				CLANG_WARN_BLOCK_CAPTURE_AUTORELEASING = YES;
				CLANG_WARN_BOOL_CONVERSION = YES;
				CLANG_WARN_COMMA = YES;
				CLANG_WARN_CONSTANT_CONVERSION = YES;
				CLANG_WARN_DEPRECATED_OBJC_IMPLEMENTATIONS = YES;
				CLANG_WARN_DIRECT_OBJC_ISA_USAGE = YES_ERROR;
				CLANG_WARN_DOCUMENTATION_COMMENTS = YES;
				CLANG_WARN_EMPTY_BODY = YES;
				CLANG_WARN_ENUM_CONVERSION = YES;
				CLANG_WARN_INFINITE_RECURSION = YES;
				CLANG_WARN_INT_CONVERSION = YES;
				CLANG_WARN_NON_LITERAL_NULL_CONVERSION = YES;
				CLANG_WARN_OBJC_IMPLICIT_RETAIN_SELF = YES;
				CLANG_WARN_OBJC_LITERAL_CONVERSION = YES;
				CLANG_WARN_OBJC_ROOT_CLASS = YES_ERROR;
				CLANG_WARN_QUOTED_INCLUDE_IN_FRAMEWORK_HEADER = YES;
				CLANG_WARN_RANGE_LOOP_ANALYSIS = YES;
				CLANG_WARN_STRICT_PROTOTYPES = YES;
				CLANG_WARN_SUSPICIOUS_MOVE = YES;
				CLANG_WARN_UNGUARDED_AVAILABILITY = YES_AGGRESSIVE;
				CLANG_WARN_UNREACHABLE_CODE = YES;
				CLANG_WARN__DUPLICATE_METHOD_MATCH = YES;
				COPY_PHASE_STRIP = NO;
				DEBUG_INFORMATION_FORMAT = dwarf;
				ENABLE_STRICT_OBJC_MSGSEND = YES;
				ENABLE_TESTABILITY = YES;
				GCC_C_LANGUAGE_STANDARD = gnu11;
				GCC_DYNAMIC_NO_PIC = NO;
				GCC_NO_COMMON_BLOCKS = YES;
				GCC_OPTIMIZATION_LEVEL = 0;
				GCC_PREPROCESSOR_DEFINITIONS = (
					"DEBUG=1",
					"$(inherited)",
				);
				GCC_WARN_64_TO_32_BIT_CONVERSION = YES;
				GCC_WARN_ABOUT_RETURN_TYPE = YES_ERROR;
				GCC_WARN_UNDECLARED_SELECTOR = YES;
				GCC_WARN_UNINITIALIZED_AUTOS = YES_AGGRESSIVE;
				GCC_WARN_UNUSED_FUNCTION = YES;
				GCC_WARN_UNUSED_VARIABLE = YES;
				IPHONEOS_DEPLOYMENT_TARGET = 14.1;
				MTL_ENABLE_DEBUG_INFO = INCLUDE_SOURCE;
				MTL_FAST_MATH = YES;
				ONLY_ACTIVE_ARCH = YES;
				SDKROOT = iphoneos;
				SWIFT_ACTIVE_COMPILATION_CONDITIONS = DEBUG;
				SWIFT_OPTIMIZATION_LEVEL = "-Onone";
			};
			name = Debug;
		};
		BFD5EE082AB5780B00048F61 /* Release */ = {
			isa = XCBuildConfiguration;
			buildSettings = {
				ALWAYS_SEARCH_USER_PATHS = NO;
				CLANG_ANALYZER_NONNULL = YES;
				CLANG_ANALYZER_NUMBER_OBJECT_CONVERSION = YES_AGGRESSIVE;
				CLANG_CXX_LANGUAGE_STANDARD = "gnu++20";
				CLANG_ENABLE_MODULES = YES;
				CLANG_ENABLE_OBJC_ARC = YES;
				CLANG_ENABLE_OBJC_WEAK = YES;
				CLANG_WARN_BLOCK_CAPTURE_AUTORELEASING = YES;
				CLANG_WARN_BOOL_CONVERSION = YES;
				CLANG_WARN_COMMA = YES;
				CLANG_WARN_CONSTANT_CONVERSION = YES;
				CLANG_WARN_DEPRECATED_OBJC_IMPLEMENTATIONS = YES;
				CLANG_WARN_DIRECT_OBJC_ISA_USAGE = YES_ERROR;
				CLANG_WARN_DOCUMENTATION_COMMENTS = YES;
				CLANG_WARN_EMPTY_BODY = YES;
				CLANG_WARN_ENUM_CONVERSION = YES;
				CLANG_WARN_INFINITE_RECURSION = YES;
				CLANG_WARN_INT_CONVERSION = YES;
				CLANG_WARN_NON_LITERAL_NULL_CONVERSION = YES;
				CLANG_WARN_OBJC_IMPLICIT_RETAIN_SELF = YES;
				CLANG_WARN_OBJC_LITERAL_CONVERSION = YES;
				CLANG_WARN_OBJC_ROOT_CLASS = YES_ERROR;
				CLANG_WARN_QUOTED_INCLUDE_IN_FRAMEWORK_HEADER = YES;
				CLANG_WARN_RANGE_LOOP_ANALYSIS = YES;
				CLANG_WARN_STRICT_PROTOTYPES = YES;
				CLANG_WARN_SUSPICIOUS_MOVE = YES;
				CLANG_WARN_UNGUARDED_AVAILABILITY = YES_AGGRESSIVE;
				CLANG_WARN_UNREACHABLE_CODE = YES;
				CLANG_WARN__DUPLICATE_METHOD_MATCH = YES;
				COPY_PHASE_STRIP = NO;
				DEBUG_INFORMATION_FORMAT = "dwarf-with-dsym";
				ENABLE_NS_ASSERTIONS = NO;
				ENABLE_STRICT_OBJC_MSGSEND = YES;
				GCC_C_LANGUAGE_STANDARD = gnu11;
				GCC_NO_COMMON_BLOCKS = YES;
				GCC_WARN_64_TO_32_BIT_CONVERSION = YES;
				GCC_WARN_ABOUT_RETURN_TYPE = YES_ERROR;
				GCC_WARN_UNDECLARED_SELECTOR = YES;
				GCC_WARN_UNINITIALIZED_AUTOS = YES_AGGRESSIVE;
				GCC_WARN_UNUSED_FUNCTION = YES;
				GCC_WARN_UNUSED_VARIABLE = YES;
				IPHONEOS_DEPLOYMENT_TARGET = 14.1;
				MTL_ENABLE_DEBUG_INFO = NO;
				MTL_FAST_MATH = YES;
				SDKROOT = iphoneos;
				SWIFT_COMPILATION_MODE = wholemodule;
				SWIFT_OPTIMIZATION_LEVEL = "-O";
				VALIDATE_PRODUCT = YES;
			};
			name = Release;
		};
		BFD5EE0A2AB5780B00048F61 /* Debug */ = {
			isa = XCBuildConfiguration;
			buildSettings = {
				ASSETCATALOG_COMPILER_APPICON_NAME = AppIcon;
				ASSETCATALOG_COMPILER_GLOBAL_ACCENT_COLOR_NAME = AccentColor;
				CODE_SIGN_STYLE = Automatic;
				CURRENT_PROJECT_VERSION = 1;
				DEVELOPMENT_TEAM = RKG4N9K9YM;
				GENERATE_INFOPLIST_FILE = YES;
				INFOPLIST_FILE = Gunculator/Resource/Info.plist;
				INFOPLIST_KEY_UIApplicationSupportsIndirectInputEvents = YES;
				INFOPLIST_KEY_UILaunchStoryboardName = LaunchScreen;
				INFOPLIST_KEY_UISupportedInterfaceOrientations = UIInterfaceOrientationPortrait;
				INFOPLIST_KEY_UISupportedInterfaceOrientations_iPad = "UIInterfaceOrientationLandscapeLeft UIInterfaceOrientationLandscapeRight UIInterfaceOrientationPortrait UIInterfaceOrientationPortraitUpsideDown";
				LD_RUNPATH_SEARCH_PATHS = (
					"$(inherited)",
					"@executable_path/Frameworks",
				);
				MARKETING_VERSION = 1.0;
				PRODUCT_BUNDLE_IDENTIFIER = com.Gundy.Gunculator;
				PRODUCT_NAME = "$(TARGET_NAME)";
				SWIFT_EMIT_LOC_STRINGS = YES;
				SWIFT_VERSION = 5.0;
				TARGETED_DEVICE_FAMILY = "1,2";
			};
			name = Debug;
		};
		BFD5EE0B2AB5780B00048F61 /* Release */ = {
			isa = XCBuildConfiguration;
			buildSettings = {
				ASSETCATALOG_COMPILER_APPICON_NAME = AppIcon;
				ASSETCATALOG_COMPILER_GLOBAL_ACCENT_COLOR_NAME = AccentColor;
				CODE_SIGN_STYLE = Automatic;
				CURRENT_PROJECT_VERSION = 1;
				DEVELOPMENT_TEAM = RKG4N9K9YM;
				GENERATE_INFOPLIST_FILE = YES;
				INFOPLIST_FILE = Gunculator/Resource/Info.plist;
				INFOPLIST_KEY_UIApplicationSupportsIndirectInputEvents = YES;
				INFOPLIST_KEY_UILaunchStoryboardName = LaunchScreen;
				INFOPLIST_KEY_UISupportedInterfaceOrientations = UIInterfaceOrientationPortrait;
				INFOPLIST_KEY_UISupportedInterfaceOrientations_iPad = "UIInterfaceOrientationLandscapeLeft UIInterfaceOrientationLandscapeRight UIInterfaceOrientationPortrait UIInterfaceOrientationPortraitUpsideDown";
				LD_RUNPATH_SEARCH_PATHS = (
					"$(inherited)",
					"@executable_path/Frameworks",
				);
				MARKETING_VERSION = 1.0;
				PRODUCT_BUNDLE_IDENTIFIER = com.Gundy.Gunculator;
				PRODUCT_NAME = "$(TARGET_NAME)";
				SWIFT_EMIT_LOC_STRINGS = YES;
				SWIFT_VERSION = 5.0;
				TARGETED_DEVICE_FAMILY = "1,2";
			};
			name = Release;
		};
		BFD5EE292AB58E2700048F61 /* Debug */ = {
			isa = XCBuildConfiguration;
			buildSettings = {
				BUNDLE_LOADER = "$(TEST_HOST)";
				CODE_SIGN_STYLE = Automatic;
				CURRENT_PROJECT_VERSION = 1;
				DEVELOPMENT_TEAM = RKG4N9K9YM;
				GENERATE_INFOPLIST_FILE = YES;
				IPHONEOS_DEPLOYMENT_TARGET = 16.4;
				MARKETING_VERSION = 1.0;
				PRODUCT_BUNDLE_IDENTIFIER = com.Gundy.GunculatorTests;
				PRODUCT_NAME = "$(TARGET_NAME)";
				SWIFT_EMIT_LOC_STRINGS = NO;
				SWIFT_VERSION = 5.0;
				TARGETED_DEVICE_FAMILY = "1,2";
				TEST_HOST = "$(BUILT_PRODUCTS_DIR)/Gunculator.app/$(BUNDLE_EXECUTABLE_FOLDER_PATH)/Gunculator";
			};
			name = Debug;
		};
		BFD5EE2A2AB58E2700048F61 /* Release */ = {
			isa = XCBuildConfiguration;
			buildSettings = {
				BUNDLE_LOADER = "$(TEST_HOST)";
				CODE_SIGN_STYLE = Automatic;
				CURRENT_PROJECT_VERSION = 1;
				DEVELOPMENT_TEAM = RKG4N9K9YM;
				GENERATE_INFOPLIST_FILE = YES;
				IPHONEOS_DEPLOYMENT_TARGET = 16.4;
				MARKETING_VERSION = 1.0;
				PRODUCT_BUNDLE_IDENTIFIER = com.Gundy.GunculatorTests;
				PRODUCT_NAME = "$(TARGET_NAME)";
				SWIFT_EMIT_LOC_STRINGS = NO;
				SWIFT_VERSION = 5.0;
				TARGETED_DEVICE_FAMILY = "1,2";
				TEST_HOST = "$(BUILT_PRODUCTS_DIR)/Gunculator.app/$(BUNDLE_EXECUTABLE_FOLDER_PATH)/Gunculator";
			};
			name = Release;
		};
/* End XCBuildConfiguration section */

/* Begin XCConfigurationList section */
		BFD5EDF02AB5780A00048F61 /* Build configuration list for PBXProject "Gunculator" */ = {
			isa = XCConfigurationList;
			buildConfigurations = (
				BFD5EE072AB5780B00048F61 /* Debug */,
				BFD5EE082AB5780B00048F61 /* Release */,
			);
			defaultConfigurationIsVisible = 0;
			defaultConfigurationName = Release;
		};
		BFD5EE092AB5780B00048F61 /* Build configuration list for PBXNativeTarget "Gunculator" */ = {
			isa = XCConfigurationList;
			buildConfigurations = (
				BFD5EE0A2AB5780B00048F61 /* Debug */,
				BFD5EE0B2AB5780B00048F61 /* Release */,
			);
			defaultConfigurationIsVisible = 0;
			defaultConfigurationName = Release;
		};
		BFD5EE282AB58E2700048F61 /* Build configuration list for PBXNativeTarget "GunculatorTests" */ = {
			isa = XCConfigurationList;
			buildConfigurations = (
				BFD5EE292AB58E2700048F61 /* Debug */,
				BFD5EE2A2AB58E2700048F61 /* Release */,
			);
			defaultConfigurationIsVisible = 0;
			defaultConfigurationName = Release;
		};
/* End XCConfigurationList section */
	};
	rootObject = BFD5EDED2AB5780A00048F61 /* Project object */;
}
